
Microsoft Visual Studio Solution File, Format Version 12.00
# Visual Studio 15
VisualStudioVersion = 15.0.28307.136
MinimumVisualStudioVersion = 10.0.40219.1
Project("{FAE04EC0-301F-11D3-BF4B-00C04F79EFBC}") = "WCFServicioRebel", "WCFServicioRebel\WCFServicioRebel.csproj", "{FDC622DF-CCE4-450A-BAD6-65F771AA9244}"
EndProject
Global
	GlobalSection(SolutionConfigurationPlatforms) = preSolution
		Debug|Any CPU = Debug|Any CPU
		Release|Any CPU = Release|Any CPU
	EndGlobalSection
	GlobalSection(ProjectConfigurationPlatforms) = postSolution
		{FDC622DF-CCE4-450A-BAD6-65F771AA9244}.Debug|Any CPU.ActiveCfg = Debug|Any CPU
		{FDC622DF-CCE4-450A-BAD6-65F771AA9244}.Debug|Any CPU.Build.0 = Debug|Any CPU
		{FDC622DF-CCE4-450A-BAD6-65F771AA9244}.Release|Any CPU.ActiveCfg = Release|Any CPU
		{FDC622DF-CCE4-450A-BAD6-65F771AA9244}.Release|Any CPU.Build.0 = Release|Any CPU
	EndGlobalSection
	GlobalSection(SolutionProperties) = preSolution
		HideSolutionNode = FALSE
	EndGlobalSection
	GlobalSection(ExtensibilityGlobals) = postSolution
		SolutionGuid = {ACD26844-9E99-46DE-9BD5-7475412E7493}
	EndGlobalSection
EndGlobal
